// !$*UTF8*$!
{
	archiveVersion = 1;
	classes = {
	};
	objectVersion = 50;
	objects = {

/* Begin PBXBuildFile section */
		FC3267B321F217870090AD87 /* AppDelegate.swift in Sources */ = {isa = PBXBuildFile; fileRef = FC3267B221F217870090AD87 /* AppDelegate.swift */; };
		FC3267B521F217870090AD87 /* MainVC.swift in Sources */ = {isa = PBXBuildFile; fileRef = FC3267B421F217870090AD87 /* MainVC.swift */; };
		FC3267B821F217870090AD87 /* Main.storyboard in Resources */ = {isa = PBXBuildFile; fileRef = FC3267B621F217870090AD87 /* Main.storyboard */; };
		FC3267BA21F217890090AD87 /* Assets.xcassets in Resources */ = {isa = PBXBuildFile; fileRef = FC3267B921F217890090AD87 /* Assets.xcassets */; };
		FC3267BD21F217890090AD87 /* LaunchScreen.storyboard in Resources */ = {isa = PBXBuildFile; fileRef = FC3267BB21F217890090AD87 /* LaunchScreen.storyboard */; };
		FC51390C21F5C57700373C78 /* drinker.swift in Sources */ = {isa = PBXBuildFile; fileRef = FC51390B21F5C57700373C78 /* drinker.swift */; };
		FC51390E21F5D12B00373C78 /* Utilities.swift in Sources */ = {isa = PBXBuildFile; fileRef = FC51390D21F5D12B00373C78 /* Utilities.swift */; };
		FC51391021F5D86700373C78 /* SettingVC.swift in Sources */ = {isa = PBXBuildFile; fileRef = FC51390F21F5D86700373C78 /* SettingVC.swift */; };
		FC51391221F6025900373C78 /* InfoVC.swift in Sources */ = {isa = PBXBuildFile; fileRef = FC51391121F6025900373C78 /* InfoVC.swift */; };
/* End PBXBuildFile section */

/* Begin PBXFileReference section */
		FC3267AF21F217870090AD87 /* AlcooTest.app */ = {isa = PBXFileReference; explicitFileType = wrapper.application; includeInIndex = 0; path = AlcooTest.app; sourceTree = BUILT_PRODUCTS_DIR; };
		FC3267B221F217870090AD87 /* AppDelegate.swift */ = {isa = PBXFileReference; lastKnownFileType = sourcecode.swift; path = AppDelegate.swift; sourceTree = "<group>"; };
		FC3267B421F217870090AD87 /* MainVC.swift */ = {isa = PBXFileReference; lastKnownFileType = sourcecode.swift; path = MainVC.swift; sourceTree = "<group>"; };
		FC3267B721F217870090AD87 /* Base */ = {isa = PBXFileReference; lastKnownFileType = file.storyboard; name = Base; path = Base.lproj/Main.storyboard; sourceTree = "<group>"; };
		FC3267B921F217890090AD87 /* Assets.xcassets */ = {isa = PBXFileReference; lastKnownFileType = folder.assetcatalog; path = Assets.xcassets; sourceTree = "<group>"; };
		FC3267BC21F217890090AD87 /* Base */ = {isa = PBXFileReference; lastKnownFileType = file.storyboard; name = Base; path = Base.lproj/LaunchScreen.storyboard; sourceTree = "<group>"; };
		FC3267BE21F217890090AD87 /* Info.plist */ = {isa = PBXFileReference; lastKnownFileType = text.plist.xml; path = Info.plist; sourceTree = "<group>"; };
		FC51390B21F5C57700373C78 /* drinker.swift */ = {isa = PBXFileReference; lastKnownFileType = sourcecode.swift; path = drinker.swift; sourceTree = "<group>"; };
		FC51390D21F5D12B00373C78 /* Utilities.swift */ = {isa = PBXFileReference; fileEncoding = 4; lastKnownFileType = sourcecode.swift; path = Utilities.swift; sourceTree = "<group>"; };
		FC51390F21F5D86700373C78 /* SettingVC.swift */ = {isa = PBXFileReference; lastKnownFileType = sourcecode.swift; path = SettingVC.swift; sourceTree = "<group>"; };
		FC51391121F6025900373C78 /* InfoVC.swift */ = {isa = PBXFileReference; lastKnownFileType = sourcecode.swift; path = InfoVC.swift; sourceTree = "<group>"; };
/* End PBXFileReference section */

/* Begin PBXFrameworksBuildPhase section */
		FC3267AC21F217870090AD87 /* Frameworks */ = {
			isa = PBXFrameworksBuildPhase;
			buildActionMask = 2147483647;
			files = (
			);
			runOnlyForDeploymentPostprocessing = 0;
		};
/* End PBXFrameworksBuildPhase section */

/* Begin PBXGroup section */
		FC3267A621F217870090AD87 = {
			isa = PBXGroup;
			children = (
				FC3267B121F217870090AD87 /* AlcooTest */,
				FC3267B021F217870090AD87 /* Products */,
			);
			sourceTree = "<group>";
		};
		FC3267B021F217870090AD87 /* Products */ = {
			isa = PBXGroup;
			children = (
				FC3267AF21F217870090AD87 /* AlcooTest.app */,
			);
			name = Products;
			sourceTree = "<group>";
		};
		FC3267B121F217870090AD87 /* AlcooTest */ = {
			isa = PBXGroup;
			children = (
				FC51390D21F5D12B00373C78 /* Utilities.swift */,
				FC3267B621F217870090AD87 /* Main.storyboard */,
				FC3267BB21F217890090AD87 /* LaunchScreen.storyboard */,
				FC3267C621F217D60090AD87 /* Models */,
				FC3267C521F217CD0090AD87 /* Views */,
				FC3267C421F217BF0090AD87 /* Controlers */,
				FC3267B221F217870090AD87 /* AppDelegate.swift */,
				FC3267B921F217890090AD87 /* Assets.xcassets */,
				FC3267BE21F217890090AD87 /* Info.plist */,
			);
			path = AlcooTest;
			sourceTree = "<group>";
		};
		FC3267C421F217BF0090AD87 /* Controlers */ = {
			isa = PBXGroup;
			children = (
				FC3267B421F217870090AD87 /* MainVC.swift */,
				FC51390F21F5D86700373C78 /* SettingVC.swift */,
				FC51391121F6025900373C78 /* InfoVC.swift */,
			);
			path = Controlers;
			sourceTree = "<group>";
		};
		FC3267C521F217CD0090AD87 /* Views */ = {
			isa = PBXGroup;
			children = (
			);
			path = Views;
			sourceTree = "<group>";
		};
		FC3267C621F217D60090AD87 /* Models */ = {
			isa = PBXGroup;
			children = (
				FC51390B21F5C57700373C78 /* drinker.swift */,
			);
			path = Models;
			sourceTree = "<group>";
		};
/* End PBXGroup section */

/* Begin PBXNativeTarget section */
		FC3267AE21F217870090AD87 /* AlcooTest */ = {
			isa = PBXNativeTarget;
			buildConfigurationList = FC3267C121F217890090AD87 /* Build configuration list for PBXNativeTarget "AlcooTest" */;
			buildPhases = (
				FC3267AB21F217870090AD87 /* Sources */,
				FC3267AC21F217870090AD87 /* Frameworks */,
				FC3267AD21F217870090AD87 /* Resources */,
			);
			buildRules = (
			);
			dependencies = (
			);
			name = AlcooTest;
			productName = AlcooTest;
			productReference = FC3267AF21F217870090AD87 /* AlcooTest.app */;
			productType = "com.apple.product-type.application";
		};
/* End PBXNativeTarget section */

/* Begin PBXProject section */
		FC3267A721F217870090AD87 /* Project object */ = {
			isa = PBXProject;
			attributes = {
				LastSwiftUpdateCheck = 1010;
				LastUpgradeCheck = 1010;
				ORGANIZATIONNAME = "Networked Hells";
				TargetAttributes = {
					FC3267AE21F217870090AD87 = {
						CreatedOnToolsVersion = 10.1;
					};
				};
			};
			buildConfigurationList = FC3267AA21F217870090AD87 /* Build configuration list for PBXProject "AlcooTest" */;
			compatibilityVersion = "Xcode 9.3";
			developmentRegion = en;
			hasScannedForEncodings = 0;
			knownRegions = (
				en,
				Base,
			);
			mainGroup = FC3267A621F217870090AD87;
			productRefGroup = FC3267B021F217870090AD87 /* Products */;
			projectDirPath = "";
			projectRoot = "";
			targets = (
				FC3267AE21F217870090AD87 /* AlcooTest */,
			);
		};
/* End PBXProject section */

/* Begin PBXResourcesBuildPhase section */
		FC3267AD21F217870090AD87 /* Resources */ = {
			isa = PBXResourcesBuildPhase;
			buildActionMask = 2147483647;
			files = (
				FC3267BD21F217890090AD87 /* LaunchScreen.storyboard in Resources */,
				FC3267BA21F217890090AD87 /* Assets.xcassets in Resources */,
				FC3267B821F217870090AD87 /* Main.storyboard in Resources */,
			);
			runOnlyForDeploymentPostprocessing = 0;
		};
/* End PBXResourcesBuildPhase section */

/* Begin PBXSourcesBuildPhase section */
		FC3267AB21F217870090AD87 /* Sources */ = {
			isa = PBXSourcesBuildPhase;
			buildActionMask = 2147483647;
			files = (
				FC51390C21F5C57700373C78 /* drinker.swift in Sources */,
				FC3267B521F217870090AD87 /* MainVC.swift in Sources */,
				FC51391021F5D86700373C78 /* SettingVC.swift in Sources */,
				FC51390E21F5D12B00373C78 /* Utilities.swift in Sources */,
				FC51391221F6025900373C78 /* InfoVC.swift in Sources */,
				FC3267B321F217870090AD87 /* AppDelegate.swift in Sources */,
			);
			runOnlyForDeploymentPostprocessing = 0;
		};
/* End PBXSourcesBuildPhase section */

/* Begin PBXVariantGroup section */
		FC3267B621F217870090AD87 /* Main.storyboard */ = {
			isa = PBXVariantGroup;
			children = (
				FC3267B721F217870090AD87 /* Base */,
			);
			name = Main.storyboard;
			sourceTree = "<group>";
		};
		FC3267BB21F217890090AD87 /* LaunchScreen.storyboard */ = {
			isa = PBXVariantGroup;
			children = (
				FC3267BC21F217890090AD87 /* Base */,
			);
			name = LaunchScreen.storyboard;
			sourceTree = "<group>";
		};
/* End PBXVariantGroup section */

/* Begin XCBuildConfiguration section */
		FC3267BF21F217890090AD87 /* Debug */ = {
			isa = XCBuildConfiguration;
			buildSettings = {
				ALWAYS_SEARCH_USER_PATHS = NO;
				CLANG_ANALYZER_NONNULL = YES;
				CLANG_ANALYZER_NUMBER_OBJECT_CONVERSION = YES_AGGRESSIVE;
				CLANG_CXX_LANGUAGE_STANDARD = "gnu++14";
				CLANG_CXX_LIBRARY = "libc++";
				CLANG_ENABLE_MODULES = YES;
				CLANG_ENABLE_OBJC_ARC = YES;
				CLANG_ENABLE_OBJC_WEAK = YES;
				CLANG_WARN_BLOCK_CAPTURE_AUTORELEASING = YES;
				CLANG_WARN_BOOL_CONVERSION = YES;
				CLANG_WARN_COMMA = YES;
				CLANG_WARN_CONSTANT_CONVERSION = YES;
				CLANG_WARN_DEPRECATED_OBJC_IMPLEMENTATIONS = YES;
				CLANG_WARN_DIRECT_OBJC_ISA_USAGE = YES_ERROR;
				CLANG_WARN_DOCUMENTATION_COMMENTS = YES;
				CLANG_WARN_EMPTY_BODY = YES;
				CLANG_WARN_ENUM_CONVERSION = YES;
				CLANG_WARN_INFINITE_RECURSION = YES;
				CLANG_WARN_INT_CONVERSION = YES;
				CLANG_WARN_NON_LITERAL_NULL_CONVERSION = YES;
				CLANG_WARN_OBJC_IMPLICIT_RETAIN_SELF = YES;
				CLANG_WARN_OBJC_LITERAL_CONVERSION = YES;
				CLANG_WARN_OBJC_ROOT_CLASS = YES_ERROR;
				CLANG_WARN_RANGE_LOOP_ANALYSIS = YES;
				CLANG_WARN_STRICT_PROTOTYPES = YES;
				CLANG_WARN_SUSPICIOUS_MOVE = YES;
				CLANG_WARN_UNGUARDED_AVAILABILITY = YES_AGGRESSIVE;
				CLANG_WARN_UNREACHABLE_CODE = YES;
				CLANG_WARN__DUPLICATE_METHOD_MATCH = YES;
				CODE_SIGN_IDENTITY = "iPhone Developer";
				COPY_PHASE_STRIP = NO;
				DEBUG_INFORMATION_FORMAT = dwarf;
				ENABLE_STRICT_OBJC_MSGSEND = YES;
				ENABLE_TESTABILITY = YES;
				GCC_C_LANGUAGE_STANDARD = gnu11;
				GCC_DYNAMIC_NO_PIC = NO;
				GCC_NO_COMMON_BLOCKS = YES;
				GCC_OPTIMIZATION_LEVEL = 0;
				GCC_PREPROCESSOR_DEFINITIONS = (
					"DEBUG=1",
					"$(inherited)",
				);
				GCC_WARN_64_TO_32_BIT_CONVERSION = YES;
				GCC_WARN_ABOUT_RETURN_TYPE = YES_ERROR;
				GCC_WARN_UNDECLARED_SELECTOR = YES;
				GCC_WARN_UNINITIALIZED_AUTOS = YES_AGGRESSIVE;
				GCC_WARN_UNUSED_FUNCTION = YES;
				GCC_WARN_UNUSED_VARIABLE = YES;
				IPHONEOS_DEPLOYMENT_TARGET = 11.2;
				MTL_ENABLE_DEBUG_INFO = INCLUDE_SOURCE;
				MTL_FAST_MATH = YES;
				ONLY_ACTIVE_ARCH = YES;
				SDKROOT = iphoneos;
				SWIFT_ACTIVE_COMPILATION_CONDITIONS = DEBUG;
				SWIFT_OPTIMIZATION_LEVEL = "-Onone";
			};
			name = Debug;
		};
		FC3267C021F217890090AD87 /* Release */ = {
			isa = XCBuildConfiguration;
			buildSettings = {
				ALWAYS_SEARCH_USER_PATHS = NO;
				CLANG_ANALYZER_NONNULL = YES;
				CLANG_ANALYZER_NUMBER_OBJECT_CONVERSION = YES_AGGRESSIVE;
				CLANG_CXX_LANGUAGE_STANDARD = "gnu++14";
				CLANG_CXX_LIBRARY = "libc++";
				CLANG_ENABLE_MODULES = YES;
				CLANG_ENABLE_OBJC_ARC = YES;
				CLANG_ENABLE_OBJC_WEAK = YES;
				CLANG_WARN_BLOCK_CAPTURE_AUTORELEASING = YES;
				CLANG_WARN_BOOL_CONVERSION = YES;
				CLANG_WARN_COMMA = YES;
				CLANG_WARN_CONSTANT_CONVERSION = YES;
				CLANG_WARN_DEPRECATED_OBJC_IMPLEMENTATIONS = YES;
				CLANG_WARN_DIRECT_OBJC_ISA_USAGE = YES_ERROR;
				CLANG_WARN_DOCUMENTATION_COMMENTS = YES;
				CLANG_WARN_EMPTY_BODY = YES;
				CLANG_WARN_ENUM_CONVERSION = YES;
				CLANG_WARN_INFINITE_RECURSION = YES;
				CLANG_WARN_INT_CONVERSION = YES;
				CLANG_WARN_NON_LITERAL_NULL_CONVERSION = YES;
				CLANG_WARN_OBJC_IMPLICIT_RETAIN_SELF = YES;
				CLANG_WARN_OBJC_LITERAL_CONVERSION = YES;
				CLANG_WARN_OBJC_ROOT_CLASS = YES_ERROR;
				CLANG_WARN_RANGE_LOOP_ANALYSIS = YES;
				CLANG_WARN_STRICT_PROTOTYPES = YES;
				CLANG_WARN_SUSPICIOUS_MOVE = YES;
				CLANG_WARN_UNGUARDED_AVAILABILITY = YES_AGGRESSIVE;
				CLANG_WARN_UNREACHABLE_CODE = YES;
				CLANG_WARN__DUPLICATE_METHOD_MATCH = YES;
				CODE_SIGN_IDENTITY = "iPhone Developer";
				COPY_PHASE_STRIP = NO;
				DEBUG_INFORMATION_FORMAT = "dwarf-with-dsym";
				ENABLE_NS_ASSERTIONS = NO;
				ENABLE_STRICT_OBJC_MSGSEND = YES;
				GCC_C_LANGUAGE_STANDARD = gnu11;
				GCC_NO_COMMON_BLOCKS = YES;
				GCC_WARN_64_TO_32_BIT_CONVERSION = YES;
				GCC_WARN_ABOUT_RETURN_TYPE = YES_ERROR;
				GCC_WARN_UNDECLARED_SELECTOR = YES;
				GCC_WARN_UNINITIALIZED_AUTOS = YES_AGGRESSIVE;
				GCC_WARN_UNUSED_FUNCTION = YES;
				GCC_WARN_UNUSED_VARIABLE = YES;
				IPHONEOS_DEPLOYMENT_TARGET = 11.2;
				MTL_ENABLE_DEBUG_INFO = NO;
				MTL_FAST_MATH = YES;
				SDKROOT = iphoneos;
				SWIFT_COMPILATION_MODE = wholemodule;
				SWIFT_OPTIMIZATION_LEVEL = "-O";
				VALIDATE_PRODUCT = YES;
			};
			name = Release;
		};
		FC3267C221F217890090AD87 /* Debug */ = {
			isa = XCBuildConfiguration;
			buildSettings = {
				ASSETCATALOG_COMPILER_APPICON_NAME = AppIcon;
				CODE_SIGN_STYLE = Automatic;
				DEVELOPMENT_TEAM = 8G9A2V5Z8U;
				INFOPLIST_FILE = AlcooTest/Info.plist;
				IPHONEOS_DEPLOYMENT_TARGET = 11.2;
				LD_RUNPATH_SEARCH_PATHS = (
					"$(inherited)",
					"@executable_path/Frameworks",
				);
				PRODUCT_BUNDLE_IDENTIFIER = "com.networked-hells.AlcooTest";
				PRODUCT_NAME = "$(TARGET_NAME)";
				SWIFT_VERSION = 4.2;
				TARGETED_DEVICE_FAMILY = 1;
			};
			name = Debug;
		};
		FC3267C321F217890090AD87 /* Release */ = {
			isa = XCBuildConfiguration;
			buildSettings = {
				ASSETCATALOG_COMPILER_APPICON_NAME = AppIcon;
				CODE_SIGN_STYLE = Automatic;
				DEVELOPMENT_TEAM = 8G9A2V5Z8U;
				INFOPLIST_FILE = AlcooTest/Info.plist;
				IPHONEOS_DEPLOYMENT_TARGET = 11.2;
				LD_RUNPATH_SEARCH_PATHS = (
					"$(inherited)",
					"@executable_path/Frameworks",
				);
				PRODUCT_BUNDLE_IDENTIFIER = "com.networked-hells.AlcooTest";
				PRODUCT_NAME = "$(TARGET_NAME)";
				SWIFT_VERSION = 4.2;
				TARGETED_DEVICE_FAMILY = 1;
			};
			name = Release;
		};
/* End XCBuildConfiguration section */

/* Begin XCConfigurationList section */
		FC3267AA21F217870090AD87 /* Build configuration list for PBXProject "AlcooTest" */ = {
			isa = XCConfigurationList;
			buildConfigurations = (
				FC3267BF21F217890090AD87 /* Debug */,
				FC3267C021F217890090AD87 /* Release */,
			);
			defaultConfigurationIsVisible = 0;
			defaultConfigurationName = Release;
		};
		FC3267C121F217890090AD87 /* Build configuration list for PBXNativeTarget "AlcooTest" */ = {
			isa = XCConfigurationList;
			buildConfigurations = (
				FC3267C221F217890090AD87 /* Debug */,
				FC3267C321F217890090AD87 /* Release */,
			);
			defaultConfigurationIsVisible = 0;
			defaultConfigurationName = Release;
		};
/* End XCConfigurationList section */
	};
	rootObject = FC3267A721F217870090AD87 /* Project object */;
}
